
Microsoft Visual Studio Solution File, Format Version 12.00
# Visual Studio 15
VisualStudioVersion = 15.0.28010.2003
MinimumVisualStudioVersion = 10.0.40219.1
Project("{9A19103F-16F7-4668-BE54-9A1E7A4F7556}") = "PowerliftinPredictor.Web", "PowerliftinPredictor.Web\PowerliftinPredictor.Web.csproj", "{1C863DF6-5FCA-4C2E-8476-850E14BB75C3}"
EndProject
Project("{FAE04EC0-301F-11D3-BF4B-00C04F79EFBC}") = "PowerliftingPredictor.Core", "PowerliftingPredictor.Core\PowerliftingPredictor.Core.csproj", "{8682B703-4BE7-458A-8A21-3F953263B483}"
EndProject
Global
	GlobalSection(SolutionConfigurationPlatforms) = preSolution
		Debug|Any CPU = Debug|Any CPU
		Release|Any CPU = Release|Any CPU
	EndGlobalSection
	GlobalSection(ProjectConfigurationPlatforms) = postSolution
		{1C863DF6-5FCA-4C2E-8476-850E14BB75C3}.Debug|Any CPU.ActiveCfg = Debug|Any CPU
		{1C863DF6-5FCA-4C2E-8476-850E14BB75C3}.Debug|Any CPU.Build.0 = Debug|Any CPU
		{1C863DF6-5FCA-4C2E-8476-850E14BB75C3}.Release|Any CPU.ActiveCfg = Release|Any CPU
		{1C863DF6-5FCA-4C2E-8476-850E14BB75C3}.Release|Any CPU.Build.0 = Release|Any CPU
		{8682B703-4BE7-458A-8A21-3F953263B483}.Debug|Any CPU.ActiveCfg = Debug|Any CPU
		{8682B703-4BE7-458A-8A21-3F953263B483}.Debug|Any CPU.Build.0 = Debug|Any CPU
		{8682B703-4BE7-458A-8A21-3F953263B483}.Release|Any CPU.ActiveCfg = Release|Any CPU
		{8682B703-4BE7-458A-8A21-3F953263B483}.Release|Any CPU.Build.0 = Release|Any CPU
	EndGlobalSection
	GlobalSection(SolutionProperties) = preSolution
		HideSolutionNode = FALSE
	EndGlobalSection
	GlobalSection(ExtensibilityGlobals) = postSolution
		SolutionGuid = {E8B3C7D9-1398-4F4B-86B9-AD09B33E61C1}
	EndGlobalSection
EndGlobal
